
Microsoft Visual Studio Solution File, Format Version 12.00
# Visual Studio Version 17
VisualStudioVersion = 17.6.33815.320
MinimumVisualStudioVersion = 10.0.40219.1
Project("{9A19103F-16F7-4668-BE54-9A1E7A4F7556}") = "Application", "src\Application\Application.csproj", "{4E1B60F2-FC78-4F3C-842F-03DC4586A541}"
EndProject
Project("{2150E333-8FDC-42A3-9474-1A3956D46DE8}") = "src", "src", "{709FED4D-BA18-4294-B726-CE28724A205D}"
EndProject
Project("{9A19103F-16F7-4668-BE54-9A1E7A4F7556}") = "Infrastructure", "src\Infrastructure\Infrastructure.csproj", "{34AFBACC-CA41-4683-9430-8E431F78C6B0}"
EndProject
Project("{9A19103F-16F7-4668-BE54-9A1E7A4F7556}") = "Api", "src\Api\Api.csproj", "{7F053B34-F774-4015-A88C-D2D93E29D47E}"
EndProject
Project("{9A19103F-16F7-4668-BE54-9A1E7A4F7556}") = "EmailService", "src\EmailService\EmailService.csproj", "{71670B1F-9F34-4082-BE7C-9F649463BB18}"
EndProject
Project("{E53339B2-1760-4266-BCC7-CA923CBCF16C}") = "docker-compose", "docker-compose.dcproj", "{F052714C-91EE-4802-B88C-A8F38953F3EE}"
EndProject
Project("{2150E333-8FDC-42A3-9474-1A3956D46DE8}") = "tests", "tests", "{97B4983B-6002-4AA2-BC84-C574CE492EC3}"
EndProject
Project("{9A19103F-16F7-4668-BE54-9A1E7A4F7556}") = "Domain", "src\Domain\Domain.csproj", "{69685A82-5991-4273-92F8-E167A62E0CCA}"
EndProject
Project("{2150E333-8FDC-42A3-9474-1A3956D46DE8}") = "Solution Items", "Solution Items", "{9B905892-5054-4787-A1CD-8DC2500AD346}"
	ProjectSection(SolutionItems) = preProject
		.editorconfig = .editorconfig
	EndProjectSection
EndProject
Project("{9A19103F-16F7-4668-BE54-9A1E7A4F7556}") = "DTO", "src\DTO\DTO.csproj", "{3E5076AC-004E-4756-BE13-723C467AD1B9}"
EndProject
Project("{9A19103F-16F7-4668-BE54-9A1E7A4F7556}") = "Worker", "src\Worker\Worker.csproj", "{1A50B9CD-6359-4F24-97DB-9EEFB64F2E71}"
EndProject
Project("{9A19103F-16F7-4668-BE54-9A1E7A4F7556}") = "NotificationService", "src\NotificationService\NotificationService.csproj", "{8F3C5DD6-FE16-49AB-8FA9-68BDB6ECC80E}"
EndProject
Project("{9A19103F-16F7-4668-BE54-9A1E7A4F7556}") = "Domain.UnitTests", "tests\Domain.UnitTests\Domain.UnitTests.csproj", "{42772980-5A9A-4DB1-91A2-D0B4BA7B0199}"
EndProject
Project("{9A19103F-16F7-4668-BE54-9A1E7A4F7556}") = "ArchitectureTests", "tests\ArchitectureTests\ArchitectureTests.csproj", "{5D49516E-042D-4776-9587-5BF97CC7FEED}"
EndProject
Project("{9A19103F-16F7-4668-BE54-9A1E7A4F7556}") = "Application.UnitTests", "tests\Application.UnitTests\Application.UnitTests.csproj", "{6C37C81E-F133-457A-8384-E762B6B2A6C8}"
EndProject
Global
	GlobalSection(SolutionConfigurationPlatforms) = preSolution
		Debug|Any CPU = Debug|Any CPU
		Release|Any CPU = Release|Any CPU
	EndGlobalSection
	GlobalSection(ProjectConfigurationPlatforms) = postSolution
		{4E1B60F2-FC78-4F3C-842F-03DC4586A541}.Debug|Any CPU.ActiveCfg = Debug|Any CPU
		{4E1B60F2-FC78-4F3C-842F-03DC4586A541}.Debug|Any CPU.Build.0 = Debug|Any CPU
		{4E1B60F2-FC78-4F3C-842F-03DC4586A541}.Release|Any CPU.ActiveCfg = Release|Any CPU
		{4E1B60F2-FC78-4F3C-842F-03DC4586A541}.Release|Any CPU.Build.0 = Release|Any CPU
		{34AFBACC-CA41-4683-9430-8E431F78C6B0}.Debug|Any CPU.ActiveCfg = Debug|Any CPU
		{34AFBACC-CA41-4683-9430-8E431F78C6B0}.Debug|Any CPU.Build.0 = Debug|Any CPU
		{34AFBACC-CA41-4683-9430-8E431F78C6B0}.Release|Any CPU.ActiveCfg = Release|Any CPU
		{34AFBACC-CA41-4683-9430-8E431F78C6B0}.Release|Any CPU.Build.0 = Release|Any CPU
		{7F053B34-F774-4015-A88C-D2D93E29D47E}.Debug|Any CPU.ActiveCfg = Debug|Any CPU
		{7F053B34-F774-4015-A88C-D2D93E29D47E}.Debug|Any CPU.Build.0 = Debug|Any CPU
		{7F053B34-F774-4015-A88C-D2D93E29D47E}.Release|Any CPU.ActiveCfg = Release|Any CPU
		{7F053B34-F774-4015-A88C-D2D93E29D47E}.Release|Any CPU.Build.0 = Release|Any CPU
		{71670B1F-9F34-4082-BE7C-9F649463BB18}.Debug|Any CPU.ActiveCfg = Debug|Any CPU
		{71670B1F-9F34-4082-BE7C-9F649463BB18}.Debug|Any CPU.Build.0 = Debug|Any CPU
		{71670B1F-9F34-4082-BE7C-9F649463BB18}.Release|Any CPU.ActiveCfg = Release|Any CPU
		{71670B1F-9F34-4082-BE7C-9F649463BB18}.Release|Any CPU.Build.0 = Release|Any CPU
		{F052714C-91EE-4802-B88C-A8F38953F3EE}.Debug|Any CPU.ActiveCfg = Debug|Any CPU
		{F052714C-91EE-4802-B88C-A8F38953F3EE}.Debug|Any CPU.Build.0 = Debug|Any CPU
		{F052714C-91EE-4802-B88C-A8F38953F3EE}.Release|Any CPU.ActiveCfg = Release|Any CPU
		{F052714C-91EE-4802-B88C-A8F38953F3EE}.Release|Any CPU.Build.0 = Release|Any CPU
		{69685A82-5991-4273-92F8-E167A62E0CCA}.Debug|Any CPU.ActiveCfg = Debug|Any CPU
		{69685A82-5991-4273-92F8-E167A62E0CCA}.Debug|Any CPU.Build.0 = Debug|Any CPU
		{69685A82-5991-4273-92F8-E167A62E0CCA}.Release|Any CPU.ActiveCfg = Release|Any CPU
		{69685A82-5991-4273-92F8-E167A62E0CCA}.Release|Any CPU.Build.0 = Release|Any CPU
		{3E5076AC-004E-4756-BE13-723C467AD1B9}.Debug|Any CPU.ActiveCfg = Debug|Any CPU
		{3E5076AC-004E-4756-BE13-723C467AD1B9}.Debug|Any CPU.Build.0 = Debug|Any CPU
		{3E5076AC-004E-4756-BE13-723C467AD1B9}.Release|Any CPU.ActiveCfg = Release|Any CPU
		{3E5076AC-004E-4756-BE13-723C467AD1B9}.Release|Any CPU.Build.0 = Release|Any CPU
		{1A50B9CD-6359-4F24-97DB-9EEFB64F2E71}.Debug|Any CPU.ActiveCfg = Debug|Any CPU
		{1A50B9CD-6359-4F24-97DB-9EEFB64F2E71}.Debug|Any CPU.Build.0 = Debug|Any CPU
		{1A50B9CD-6359-4F24-97DB-9EEFB64F2E71}.Release|Any CPU.ActiveCfg = Release|Any CPU
		{1A50B9CD-6359-4F24-97DB-9EEFB64F2E71}.Release|Any CPU.Build.0 = Release|Any CPU
		{8F3C5DD6-FE16-49AB-8FA9-68BDB6ECC80E}.Debug|Any CPU.ActiveCfg = Debug|Any CPU
		{8F3C5DD6-FE16-49AB-8FA9-68BDB6ECC80E}.Debug|Any CPU.Build.0 = Debug|Any CPU
		{8F3C5DD6-FE16-49AB-8FA9-68BDB6ECC80E}.Release|Any CPU.ActiveCfg = Release|Any CPU
		{8F3C5DD6-FE16-49AB-8FA9-68BDB6ECC80E}.Release|Any CPU.Build.0 = Release|Any CPU
		{42772980-5A9A-4DB1-91A2-D0B4BA7B0199}.Debug|Any CPU.ActiveCfg = Debug|Any CPU
		{42772980-5A9A-4DB1-91A2-D0B4BA7B0199}.Debug|Any CPU.Build.0 = Debug|Any CPU
		{42772980-5A9A-4DB1-91A2-D0B4BA7B0199}.Release|Any CPU.ActiveCfg = Release|Any CPU
		{42772980-5A9A-4DB1-91A2-D0B4BA7B0199}.Release|Any CPU.Build.0 = Release|Any CPU
		{5D49516E-042D-4776-9587-5BF97CC7FEED}.Debug|Any CPU.ActiveCfg = Debug|Any CPU
		{5D49516E-042D-4776-9587-5BF97CC7FEED}.Debug|Any CPU.Build.0 = Debug|Any CPU
		{5D49516E-042D-4776-9587-5BF97CC7FEED}.Release|Any CPU.ActiveCfg = Release|Any CPU
		{5D49516E-042D-4776-9587-5BF97CC7FEED}.Release|Any CPU.Build.0 = Release|Any CPU
		{6C37C81E-F133-457A-8384-E762B6B2A6C8}.Debug|Any CPU.ActiveCfg = Debug|Any CPU
		{6C37C81E-F133-457A-8384-E762B6B2A6C8}.Debug|Any CPU.Build.0 = Debug|Any CPU
		{6C37C81E-F133-457A-8384-E762B6B2A6C8}.Release|Any CPU.ActiveCfg = Release|Any CPU
		{6C37C81E-F133-457A-8384-E762B6B2A6C8}.Release|Any CPU.Build.0 = Release|Any CPU
	EndGlobalSection
	GlobalSection(SolutionProperties) = preSolution
		HideSolutionNode = FALSE
	EndGlobalSection
	GlobalSection(NestedProjects) = preSolution
		{4E1B60F2-FC78-4F3C-842F-03DC4586A541} = {709FED4D-BA18-4294-B726-CE28724A205D}
		{34AFBACC-CA41-4683-9430-8E431F78C6B0} = {709FED4D-BA18-4294-B726-CE28724A205D}
		{7F053B34-F774-4015-A88C-D2D93E29D47E} = {709FED4D-BA18-4294-B726-CE28724A205D}
		{71670B1F-9F34-4082-BE7C-9F649463BB18} = {709FED4D-BA18-4294-B726-CE28724A205D}
		{69685A82-5991-4273-92F8-E167A62E0CCA} = {709FED4D-BA18-4294-B726-CE28724A205D}
		{9B905892-5054-4787-A1CD-8DC2500AD346} = {709FED4D-BA18-4294-B726-CE28724A205D}
		{3E5076AC-004E-4756-BE13-723C467AD1B9} = {709FED4D-BA18-4294-B726-CE28724A205D}
		{1A50B9CD-6359-4F24-97DB-9EEFB64F2E71} = {709FED4D-BA18-4294-B726-CE28724A205D}
		{8F3C5DD6-FE16-49AB-8FA9-68BDB6ECC80E} = {709FED4D-BA18-4294-B726-CE28724A205D}
		{42772980-5A9A-4DB1-91A2-D0B4BA7B0199} = {97B4983B-6002-4AA2-BC84-C574CE492EC3}
		{5D49516E-042D-4776-9587-5BF97CC7FEED} = {97B4983B-6002-4AA2-BC84-C574CE492EC3}
		{6C37C81E-F133-457A-8384-E762B6B2A6C8} = {97B4983B-6002-4AA2-BC84-C574CE492EC3}
	EndGlobalSection
	GlobalSection(ExtensibilityGlobals) = postSolution
		SolutionGuid = {6D4995E6-71AE-45FB-9430-0705483B85CD}
	EndGlobalSection
EndGlobal
